// !$*UTF8*$!
{
	archiveVersion = 1;
	classes = {
	};
	objectVersion = 50;
	objects = {

/* Begin PBXBuildFile section */
		2C0DC07E2668443A00F14DAA /* InsetFactView.swift in Sources */ = {isa = PBXBuildFile; fileRef = 2C0DC07D2668443A00F14DAA /* InsetFactView.swift */; };
		2C0DC0802668462A00F14DAA /* InsetMapView.swift in Sources */ = {isa = PBXBuildFile; fileRef = 2C0DC07F2668462A00F14DAA /* InsetMapView.swift */; };
		2C0DC082266854CF00F14DAA /* ExternalWeblinkView.swift in Sources */ = {isa = PBXBuildFile; fileRef = 2C0DC081266854CF00F14DAA /* ExternalWeblinkView.swift */; };
		2C53B76226659D4300DD000D /* CoverImageView.swift in Sources */ = {isa = PBXBuildFile; fileRef = 2C53B76126659D4300DD000D /* CoverImageView.swift */; };
		2C53B76526659F5700DD000D /* CoverImageModel.swift in Sources */ = {isa = PBXBuildFile; fileRef = 2C53B76426659F5700DD000D /* CoverImageModel.swift */; };
		2C53B7682665A0F600DD000D /* CodableBundleExtension.swift in Sources */ = {isa = PBXBuildFile; fileRef = 2C53B7672665A0F600DD000D /* CodableBundleExtension.swift */; };
		2C83C4E1266C0D50009AD63D /* VideoListItemView.swift in Sources */ = {isa = PBXBuildFile; fileRef = 2C83C4E0266C0D50009AD63D /* VideoListItemView.swift */; };
		2C83C4E3266C3FAE009AD63D /* VideoPlayerView.swift in Sources */ = {isa = PBXBuildFile; fileRef = 2C83C4E2266C3FAE009AD63D /* VideoPlayerView.swift */; };
		2C83C4E6266C40BD009AD63D /* VideoPlayerHelper.swift in Sources */ = {isa = PBXBuildFile; fileRef = 2C83C4E5266C40BD009AD63D /* VideoPlayerHelper.swift */; };
		2C83C4E8266C9E21009AD63D /* LocationModel.swift in Sources */ = {isa = PBXBuildFile; fileRef = 2C83C4E7266C9E21009AD63D /* LocationModel.swift */; };
		2C83C4EA266D23CB009AD63D /* MapAnnotationView.swift in Sources */ = {isa = PBXBuildFile; fileRef = 2C83C4E9266D23CB009AD63D /* MapAnnotationView.swift */; };
		2CBBC8012665725F00C7E802 /* AfricaApp.swift in Sources */ = {isa = PBXBuildFile; fileRef = 2CBBC7EE2665725E00C7E802 /* AfricaApp.swift */; };
		2CBBC8022665725F00C7E802 /* AfricaApp.swift in Sources */ = {isa = PBXBuildFile; fileRef = 2CBBC7EE2665725E00C7E802 /* AfricaApp.swift */; };
		2CBBC8032665725F00C7E802 /* ContentView.swift in Sources */ = {isa = PBXBuildFile; fileRef = 2CBBC7EF2665725E00C7E802 /* ContentView.swift */; };
		2CBBC8042665725F00C7E802 /* ContentView.swift in Sources */ = {isa = PBXBuildFile; fileRef = 2CBBC7EF2665725E00C7E802 /* ContentView.swift */; };
		2CBBC8052665725F00C7E802 /* Assets.xcassets in Resources */ = {isa = PBXBuildFile; fileRef = 2CBBC7F02665725F00C7E802 /* Assets.xcassets */; };
		2CBBC8062665725F00C7E802 /* Assets.xcassets in Resources */ = {isa = PBXBuildFile; fileRef = 2CBBC7F02665725F00C7E802 /* Assets.xcassets */; };
		2CBBC81A266574C100C7E802 /* ostrich.mp4 in Resources */ = {isa = PBXBuildFile; fileRef = 2CBBC810266574BF00C7E802 /* ostrich.mp4 */; };
		2CBBC81B266574C100C7E802 /* ostrich.mp4 in Resources */ = {isa = PBXBuildFile; fileRef = 2CBBC810266574BF00C7E802 /* ostrich.mp4 */; };
		2CBBC81C266574C100C7E802 /* rhino.mp4 in Resources */ = {isa = PBXBuildFile; fileRef = 2CBBC811266574BF00C7E802 /* rhino.mp4 */; };
		2CBBC81D266574C100C7E802 /* rhino.mp4 in Resources */ = {isa = PBXBuildFile; fileRef = 2CBBC811266574BF00C7E802 /* rhino.mp4 */; };
		2CBBC81E266574C100C7E802 /* cheetah.mp4 in Resources */ = {isa = PBXBuildFile; fileRef = 2CBBC812266574C000C7E802 /* cheetah.mp4 */; };
		2CBBC81F266574C100C7E802 /* cheetah.mp4 in Resources */ = {isa = PBXBuildFile; fileRef = 2CBBC812266574C000C7E802 /* cheetah.mp4 */; };
		2CBBC820266574C100C7E802 /* giraffe.mp4 in Resources */ = {isa = PBXBuildFile; fileRef = 2CBBC813266574C000C7E802 /* giraffe.mp4 */; };
		2CBBC821266574C100C7E802 /* giraffe.mp4 in Resources */ = {isa = PBXBuildFile; fileRef = 2CBBC813266574C000C7E802 /* giraffe.mp4 */; };
		2CBBC822266574C100C7E802 /* lion.mp4 in Resources */ = {isa = PBXBuildFile; fileRef = 2CBBC814266574C000C7E802 /* lion.mp4 */; };
		2CBBC823266574C100C7E802 /* lion.mp4 in Resources */ = {isa = PBXBuildFile; fileRef = 2CBBC814266574C000C7E802 /* lion.mp4 */; };
		2CBBC824266574C100C7E802 /* zebra.mp4 in Resources */ = {isa = PBXBuildFile; fileRef = 2CBBC815266574C000C7E802 /* zebra.mp4 */; };
		2CBBC825266574C100C7E802 /* zebra.mp4 in Resources */ = {isa = PBXBuildFile; fileRef = 2CBBC815266574C000C7E802 /* zebra.mp4 */; };
		2CBBC826266574C100C7E802 /* gorilla.mp4 in Resources */ = {isa = PBXBuildFile; fileRef = 2CBBC816266574C000C7E802 /* gorilla.mp4 */; };
		2CBBC827266574C100C7E802 /* gorilla.mp4 in Resources */ = {isa = PBXBuildFile; fileRef = 2CBBC816266574C000C7E802 /* gorilla.mp4 */; };
		2CBBC828266574C100C7E802 /* elephant.mp4 in Resources */ = {isa = PBXBuildFile; fileRef = 2CBBC817266574C000C7E802 /* elephant.mp4 */; };
		2CBBC829266574C100C7E802 /* elephant.mp4 in Resources */ = {isa = PBXBuildFile; fileRef = 2CBBC817266574C000C7E802 /* elephant.mp4 */; };
		2CBBC82A266574C100C7E802 /* lioness.mp4 in Resources */ = {isa = PBXBuildFile; fileRef = 2CBBC818266574C100C7E802 /* lioness.mp4 */; };
		2CBBC82B266574C100C7E802 /* lioness.mp4 in Resources */ = {isa = PBXBuildFile; fileRef = 2CBBC818266574C100C7E802 /* lioness.mp4 */; };
		2CBBC82C266574C100C7E802 /* hippo.mp4 in Resources */ = {isa = PBXBuildFile; fileRef = 2CBBC819266574C100C7E802 /* hippo.mp4 */; };
		2CBBC82D266574C100C7E802 /* hippo.mp4 in Resources */ = {isa = PBXBuildFile; fileRef = 2CBBC819266574C100C7E802 /* hippo.mp4 */; };
		2CBBC8332665750800C7E802 /* covers.json in Resources */ = {isa = PBXBuildFile; fileRef = 2CBBC82F2665750800C7E802 /* covers.json */; };
		2CBBC8342665750800C7E802 /* covers.json in Resources */ = {isa = PBXBuildFile; fileRef = 2CBBC82F2665750800C7E802 /* covers.json */; };
		2CBBC8352665750800C7E802 /* animals.json in Resources */ = {isa = PBXBuildFile; fileRef = 2CBBC8302665750800C7E802 /* animals.json */; };
		2CBBC8362665750800C7E802 /* animals.json in Resources */ = {isa = PBXBuildFile; fileRef = 2CBBC8302665750800C7E802 /* animals.json */; };
		2CBBC8372665750800C7E802 /* videos.json in Resources */ = {isa = PBXBuildFile; fileRef = 2CBBC8312665750800C7E802 /* videos.json */; };
		2CBBC8382665750800C7E802 /* videos.json in Resources */ = {isa = PBXBuildFile; fileRef = 2CBBC8312665750800C7E802 /* videos.json */; };
		2CBBC8392665750800C7E802 /* locations.json in Resources */ = {isa = PBXBuildFile; fileRef = 2CBBC8322665750800C7E802 /* locations.json */; };
		2CBBC83A2665750800C7E802 /* locations.json in Resources */ = {isa = PBXBuildFile; fileRef = 2CBBC8322665750800C7E802 /* locations.json */; };
		2CBBC83D266576F600C7E802 /* VideoListView.swift in Sources */ = {isa = PBXBuildFile; fileRef = 2CBBC83C266576F600C7E802 /* VideoListView.swift */; };
		2CBBC83E266576F600C7E802 /* VideoListView.swift in Sources */ = {isa = PBXBuildFile; fileRef = 2CBBC83C266576F600C7E802 /* VideoListView.swift */; };
		2CBBC8402665770B00C7E802 /* MapView.swift in Sources */ = {isa = PBXBuildFile; fileRef = 2CBBC83F2665770B00C7E802 /* MapView.swift */; };
		2CBBC8412665770B00C7E802 /* MapView.swift in Sources */ = {isa = PBXBuildFile; fileRef = 2CBBC83F2665770B00C7E802 /* MapView.swift */; };
		2CBBC8432665772000C7E802 /* GalleryView.swift in Sources */ = {isa = PBXBuildFile; fileRef = 2CBBC8422665772000C7E802 /* GalleryView.swift */; };
		2CBBC8442665772000C7E802 /* GalleryView.swift in Sources */ = {isa = PBXBuildFile; fileRef = 2CBBC8422665772000C7E802 /* GalleryView.swift */; };
		2CBBC8462665773500C7E802 /* MainView.swift in Sources */ = {isa = PBXBuildFile; fileRef = 2CBBC8452665773500C7E802 /* MainView.swift */; };
		2CBBC8472665773500C7E802 /* MainView.swift in Sources */ = {isa = PBXBuildFile; fileRef = 2CBBC8452665773500C7E802 /* MainView.swift */; };
		2CDBB82B2667F901004C7202 /* AnimalListItemView.swift in Sources */ = {isa = PBXBuildFile; fileRef = 2CDBB82A2667F901004C7202 /* AnimalListItemView.swift */; };
		2CDBB82D2667FAA2004C7202 /* AnimalModel.swift in Sources */ = {isa = PBXBuildFile; fileRef = 2CDBB82C2667FAA2004C7202 /* AnimalModel.swift */; };
		2CDBB82F26680103004C7202 /* AnimalDetailView.swift in Sources */ = {isa = PBXBuildFile; fileRef = 2CDBB82E26680103004C7202 /* AnimalDetailView.swift */; };
		2CDBB83126680400004C7202 /* HeadingView.swift in Sources */ = {isa = PBXBuildFile; fileRef = 2CDBB83026680400004C7202 /* HeadingView.swift */; };
		2CDBB83326680527004C7202 /* InsetGalleryView.swift in Sources */ = {isa = PBXBuildFile; fileRef = 2CDBB83226680527004C7202 /* InsetGalleryView.swift */; };
		2CDD884C266C0A9400BB6A76 /* VideoModel.swift in Sources */ = {isa = PBXBuildFile; fileRef = 2CDD884B266C0A9400BB6A76 /* VideoModel.swift */; };
/* End PBXBuildFile section */

/* Begin PBXFileReference section */
		2C0DC07D2668443A00F14DAA /* InsetFactView.swift */ = {isa = PBXFileReference; lastKnownFileType = sourcecode.swift; path = InsetFactView.swift; sourceTree = "<group>"; };
		2C0DC07F2668462A00F14DAA /* InsetMapView.swift */ = {isa = PBXFileReference; lastKnownFileType = sourcecode.swift; path = InsetMapView.swift; sourceTree = "<group>"; };
		2C0DC081266854CF00F14DAA /* ExternalWeblinkView.swift */ = {isa = PBXFileReference; lastKnownFileType = sourcecode.swift; path = ExternalWeblinkView.swift; sourceTree = "<group>"; };
		2C53B76126659D4300DD000D /* CoverImageView.swift */ = {isa = PBXFileReference; lastKnownFileType = sourcecode.swift; path = CoverImageView.swift; sourceTree = "<group>"; };
		2C53B76426659F5700DD000D /* CoverImageModel.swift */ = {isa = PBXFileReference; lastKnownFileType = sourcecode.swift; path = CoverImageModel.swift; sourceTree = "<group>"; };
		2C53B7672665A0F600DD000D /* CodableBundleExtension.swift */ = {isa = PBXFileReference; lastKnownFileType = sourcecode.swift; path = CodableBundleExtension.swift; sourceTree = "<group>"; };
		2C83C4E0266C0D50009AD63D /* VideoListItemView.swift */ = {isa = PBXFileReference; lastKnownFileType = sourcecode.swift; path = VideoListItemView.swift; sourceTree = "<group>"; };
		2C83C4E2266C3FAE009AD63D /* VideoPlayerView.swift */ = {isa = PBXFileReference; lastKnownFileType = sourcecode.swift; path = VideoPlayerView.swift; sourceTree = "<group>"; };
		2C83C4E5266C40BD009AD63D /* VideoPlayerHelper.swift */ = {isa = PBXFileReference; lastKnownFileType = sourcecode.swift; path = VideoPlayerHelper.swift; sourceTree = "<group>"; };
		2C83C4E7266C9E21009AD63D /* LocationModel.swift */ = {isa = PBXFileReference; lastKnownFileType = sourcecode.swift; path = LocationModel.swift; sourceTree = "<group>"; };
		2C83C4E9266D23CB009AD63D /* MapAnnotationView.swift */ = {isa = PBXFileReference; lastKnownFileType = sourcecode.swift; path = MapAnnotationView.swift; sourceTree = "<group>"; };
		2CBBC7EE2665725E00C7E802 /* AfricaApp.swift */ = {isa = PBXFileReference; lastKnownFileType = sourcecode.swift; path = AfricaApp.swift; sourceTree = "<group>"; };
		2CBBC7EF2665725E00C7E802 /* ContentView.swift */ = {isa = PBXFileReference; lastKnownFileType = sourcecode.swift; path = ContentView.swift; sourceTree = "<group>"; };
		2CBBC7F02665725F00C7E802 /* Assets.xcassets */ = {isa = PBXFileReference; lastKnownFileType = folder.assetcatalog; path = Assets.xcassets; sourceTree = "<group>"; };
		2CBBC7F52665725F00C7E802 /* Africa.app */ = {isa = PBXFileReference; explicitFileType = wrapper.application; includeInIndex = 0; path = Africa.app; sourceTree = BUILT_PRODUCTS_DIR; };
		2CBBC7F82665725F00C7E802 /* Info.plist */ = {isa = PBXFileReference; lastKnownFileType = text.plist.xml; path = Info.plist; sourceTree = "<group>"; };
		2CBBC7FD2665725F00C7E802 /* Africa.app */ = {isa = PBXFileReference; explicitFileType = wrapper.application; includeInIndex = 0; path = Africa.app; sourceTree = BUILT_PRODUCTS_DIR; };
		2CBBC7FF2665725F00C7E802 /* Info.plist */ = {isa = PBXFileReference; lastKnownFileType = text.plist.xml; path = Info.plist; sourceTree = "<group>"; };
		2CBBC8002665725F00C7E802 /* macOS.entitlements */ = {isa = PBXFileReference; lastKnownFileType = text.plist.entitlements; path = macOS.entitlements; sourceTree = "<group>"; };
		2CBBC810266574BF00C7E802 /* ostrich.mp4 */ = {isa = PBXFileReference; lastKnownFileType = file; path = ostrich.mp4; sourceTree = "<group>"; };
		2CBBC811266574BF00C7E802 /* rhino.mp4 */ = {isa = PBXFileReference; lastKnownFileType = file; path = rhino.mp4; sourceTree = "<group>"; };
		2CBBC812266574C000C7E802 /* cheetah.mp4 */ = {isa = PBXFileReference; lastKnownFileType = file; path = cheetah.mp4; sourceTree = "<group>"; };
		2CBBC813266574C000C7E802 /* giraffe.mp4 */ = {isa = PBXFileReference; lastKnownFileType = file; path = giraffe.mp4; sourceTree = "<group>"; };
		2CBBC814266574C000C7E802 /* lion.mp4 */ = {isa = PBXFileReference; lastKnownFileType = file; path = lion.mp4; sourceTree = "<group>"; };
		2CBBC815266574C000C7E802 /* zebra.mp4 */ = {isa = PBXFileReference; lastKnownFileType = file; path = zebra.mp4; sourceTree = "<group>"; };
		2CBBC816266574C000C7E802 /* gorilla.mp4 */ = {isa = PBXFileReference; lastKnownFileType = file; path = gorilla.mp4; sourceTree = "<group>"; };
		2CBBC817266574C000C7E802 /* elephant.mp4 */ = {isa = PBXFileReference; lastKnownFileType = file; path = elephant.mp4; sourceTree = "<group>"; };
		2CBBC818266574C100C7E802 /* lioness.mp4 */ = {isa = PBXFileReference; lastKnownFileType = file; path = lioness.mp4; sourceTree = "<group>"; };
		2CBBC819266574C100C7E802 /* hippo.mp4 */ = {isa = PBXFileReference; lastKnownFileType = file; path = hippo.mp4; sourceTree = "<group>"; };
		2CBBC82F2665750800C7E802 /* covers.json */ = {isa = PBXFileReference; fileEncoding = 4; lastKnownFileType = text.json; path = covers.json; sourceTree = "<group>"; };
		2CBBC8302665750800C7E802 /* animals.json */ = {isa = PBXFileReference; fileEncoding = 4; lastKnownFileType = text.json; path = animals.json; sourceTree = "<group>"; };
		2CBBC8312665750800C7E802 /* videos.json */ = {isa = PBXFileReference; fileEncoding = 4; lastKnownFileType = text.json; path = videos.json; sourceTree = "<group>"; };
		2CBBC8322665750800C7E802 /* locations.json */ = {isa = PBXFileReference; fileEncoding = 4; lastKnownFileType = text.json; path = locations.json; sourceTree = "<group>"; };
		2CBBC83C266576F600C7E802 /* VideoListView.swift */ = {isa = PBXFileReference; lastKnownFileType = sourcecode.swift; path = VideoListView.swift; sourceTree = "<group>"; };
		2CBBC83F2665770B00C7E802 /* MapView.swift */ = {isa = PBXFileReference; lastKnownFileType = sourcecode.swift; path = MapView.swift; sourceTree = "<group>"; };
		2CBBC8422665772000C7E802 /* GalleryView.swift */ = {isa = PBXFileReference; lastKnownFileType = sourcecode.swift; path = GalleryView.swift; sourceTree = "<group>"; };
		2CBBC8452665773500C7E802 /* MainView.swift */ = {isa = PBXFileReference; lastKnownFileType = sourcecode.swift; path = MainView.swift; sourceTree = "<group>"; };
		2CDBB82A2667F901004C7202 /* AnimalListItemView.swift */ = {isa = PBXFileReference; lastKnownFileType = sourcecode.swift; path = AnimalListItemView.swift; sourceTree = "<group>"; };
		2CDBB82C2667FAA2004C7202 /* AnimalModel.swift */ = {isa = PBXFileReference; lastKnownFileType = sourcecode.swift; path = AnimalModel.swift; sourceTree = "<group>"; };
		2CDBB82E26680103004C7202 /* AnimalDetailView.swift */ = {isa = PBXFileReference; lastKnownFileType = sourcecode.swift; path = AnimalDetailView.swift; sourceTree = "<group>"; };
		2CDBB83026680400004C7202 /* HeadingView.swift */ = {isa = PBXFileReference; lastKnownFileType = sourcecode.swift; path = HeadingView.swift; sourceTree = "<group>"; };
		2CDBB83226680527004C7202 /* InsetGalleryView.swift */ = {isa = PBXFileReference; lastKnownFileType = sourcecode.swift; path = InsetGalleryView.swift; sourceTree = "<group>"; };
		2CDD884B266C0A9400BB6A76 /* VideoModel.swift */ = {isa = PBXFileReference; lastKnownFileType = sourcecode.swift; path = VideoModel.swift; sourceTree = "<group>"; };
/* End PBXFileReference section */

/* Begin PBXFrameworksBuildPhase section */
		2CBBC7F22665725F00C7E802 /* Frameworks */ = {
			isa = PBXFrameworksBuildPhase;
			buildActionMask = 2147483647;
			files = (
			);
			runOnlyForDeploymentPostprocessing = 0;
		};
		2CBBC7FA2665725F00C7E802 /* Frameworks */ = {
			isa = PBXFrameworksBuildPhase;
			buildActionMask = 2147483647;
			files = (
			);
			runOnlyForDeploymentPostprocessing = 0;
		};
/* End PBXFrameworksBuildPhase section */

/* Begin PBXGroup section */
		2C53B76026659D3000DD000D /* View */ = {
			isa = PBXGroup;
			children = (
				2C53B76126659D4300DD000D /* CoverImageView.swift */,
				2CDBB82A2667F901004C7202 /* AnimalListItemView.swift */,
				2CDBB82E26680103004C7202 /* AnimalDetailView.swift */,
				2CDBB83026680400004C7202 /* HeadingView.swift */,
				2CDBB83226680527004C7202 /* InsetGalleryView.swift */,
				2C0DC07D2668443A00F14DAA /* InsetFactView.swift */,
				2C0DC07F2668462A00F14DAA /* InsetMapView.swift */,
				2C0DC081266854CF00F14DAA /* ExternalWeblinkView.swift */,
				2C83C4E0266C0D50009AD63D /* VideoListItemView.swift */,
				2C83C4E2266C3FAE009AD63D /* VideoPlayerView.swift */,
				2C83C4E9266D23CB009AD63D /* MapAnnotationView.swift */,
			);
			path = View;
			sourceTree = "<group>";
		};
		2C53B76326659F4100DD000D /* Model */ = {
			isa = PBXGroup;
			children = (
				2C53B76426659F5700DD000D /* CoverImageModel.swift */,
				2CDBB82C2667FAA2004C7202 /* AnimalModel.swift */,
				2CDD884B266C0A9400BB6A76 /* VideoModel.swift */,
				2C83C4E7266C9E21009AD63D /* LocationModel.swift */,
			);
			path = Model;
			sourceTree = "<group>";
		};
		2C53B7662665A0E500DD000D /* Extension */ = {
			isa = PBXGroup;
			children = (
				2C53B7672665A0F600DD000D /* CodableBundleExtension.swift */,
			);
			path = Extension;
			sourceTree = "<group>";
		};
		2C83C4E4266C40AC009AD63D /* Helper */ = {
			isa = PBXGroup;
			children = (
				2C83C4E5266C40BD009AD63D /* VideoPlayerHelper.swift */,
			);
			path = Helper;
			sourceTree = "<group>";
		};
		2CBBC7E82665725E00C7E802 = {
			isa = PBXGroup;
			children = (
				2CBBC7ED2665725E00C7E802 /* Shared */,
				2CBBC7F72665725F00C7E802 /* iOS */,
				2CBBC7FE2665725F00C7E802 /* macOS */,
				2CBBC7F62665725F00C7E802 /* Products */,
			);
			sourceTree = "<group>";
		};
		2CBBC7ED2665725E00C7E802 /* Shared */ = {
			isa = PBXGroup;
			children = (
				2C83C4E4266C40AC009AD63D /* Helper */,
				2C53B7662665A0E500DD000D /* Extension */,
				2C53B76326659F4100DD000D /* Model */,
				2C53B76026659D3000DD000D /* View */,
				2CBBC82E266574E500C7E802 /* Data */,
				2CBBC80F2665749800C7E802 /* Video */,
				2CBBC83B266576B700C7E802 /* App */,
				2CBBC7F02665725F00C7E802 /* Assets.xcassets */,
			);
			path = Shared;
			sourceTree = "<group>";
		};
		2CBBC7F62665725F00C7E802 /* Products */ = {
			isa = PBXGroup;
			children = (
				2CBBC7F52665725F00C7E802 /* Africa.app */,
				2CBBC7FD2665725F00C7E802 /* Africa.app */,
			);
			name = Products;
			sourceTree = "<group>";
		};
		2CBBC7F72665725F00C7E802 /* iOS */ = {
			isa = PBXGroup;
			children = (
				2CBBC7F82665725F00C7E802 /* Info.plist */,
			);
			path = iOS;
			sourceTree = "<group>";
		};
		2CBBC7FE2665725F00C7E802 /* macOS */ = {
			isa = PBXGroup;
			children = (
				2CBBC7FF2665725F00C7E802 /* Info.plist */,
				2CBBC8002665725F00C7E802 /* macOS.entitlements */,
			);
			path = macOS;
			sourceTree = "<group>";
		};
		2CBBC80F2665749800C7E802 /* Video */ = {
			isa = PBXGroup;
			children = (
				2CBBC812266574C000C7E802 /* cheetah.mp4 */,
				2CBBC817266574C000C7E802 /* elephant.mp4 */,
				2CBBC813266574C000C7E802 /* giraffe.mp4 */,
				2CBBC816266574C000C7E802 /* gorilla.mp4 */,
				2CBBC819266574C100C7E802 /* hippo.mp4 */,
				2CBBC814266574C000C7E802 /* lion.mp4 */,
				2CBBC818266574C100C7E802 /* lioness.mp4 */,
				2CBBC810266574BF00C7E802 /* ostrich.mp4 */,
				2CBBC811266574BF00C7E802 /* rhino.mp4 */,
				2CBBC815266574C000C7E802 /* zebra.mp4 */,
			);
			path = Video;
			sourceTree = "<group>";
		};
		2CBBC82E266574E500C7E802 /* Data */ = {
			isa = PBXGroup;
			children = (
				2CBBC8302665750800C7E802 /* animals.json */,
				2CBBC82F2665750800C7E802 /* covers.json */,
				2CBBC8322665750800C7E802 /* locations.json */,
				2CBBC8312665750800C7E802 /* videos.json */,
			);
			path = Data;
			sourceTree = "<group>";
		};
		2CBBC83B266576B700C7E802 /* App */ = {
			isa = PBXGroup;
			children = (
				2CBBC7EE2665725E00C7E802 /* AfricaApp.swift */,
				2CBBC7EF2665725E00C7E802 /* ContentView.swift */,
				2CBBC83C266576F600C7E802 /* VideoListView.swift */,
				2CBBC83F2665770B00C7E802 /* MapView.swift */,
				2CBBC8422665772000C7E802 /* GalleryView.swift */,
				2CBBC8452665773500C7E802 /* MainView.swift */,
			);
			path = App;
			sourceTree = "<group>";
		};
/* End PBXGroup section */

/* Begin PBXNativeTarget section */
		2CBBC7F42665725F00C7E802 /* Africa (iOS) */ = {
			isa = PBXNativeTarget;
			buildConfigurationList = 2CBBC8092665725F00C7E802 /* Build configuration list for PBXNativeTarget "Africa (iOS)" */;
			buildPhases = (
				2CBBC7F12665725F00C7E802 /* Sources */,
				2CBBC7F22665725F00C7E802 /* Frameworks */,
				2CBBC7F32665725F00C7E802 /* Resources */,
			);
			buildRules = (
			);
			dependencies = (
			);
			name = "Africa (iOS)";
			productName = "Africa (iOS)";
			productReference = 2CBBC7F52665725F00C7E802 /* Africa.app */;
			productType = "com.apple.product-type.application";
		};
		2CBBC7FC2665725F00C7E802 /* Africa (macOS) */ = {
			isa = PBXNativeTarget;
			buildConfigurationList = 2CBBC80C2665725F00C7E802 /* Build configuration list for PBXNativeTarget "Africa (macOS)" */;
			buildPhases = (
				2CBBC7F92665725F00C7E802 /* Sources */,
				2CBBC7FA2665725F00C7E802 /* Frameworks */,
				2CBBC7FB2665725F00C7E802 /* Resources */,
			);
			buildRules = (
			);
			dependencies = (
			);
			name = "Africa (macOS)";
			productName = "Africa (macOS)";
			productReference = 2CBBC7FD2665725F00C7E802 /* Africa.app */;
			productType = "com.apple.product-type.application";
		};
/* End PBXNativeTarget section */

/* Begin PBXProject section */
		2CBBC7E92665725E00C7E802 /* Project object */ = {
			isa = PBXProject;
			attributes = {
				LastSwiftUpdateCheck = 1250;
				LastUpgradeCheck = 1250;
				TargetAttributes = {
					2CBBC7F42665725F00C7E802 = {
						CreatedOnToolsVersion = 12.5;
					};
					2CBBC7FC2665725F00C7E802 = {
						CreatedOnToolsVersion = 12.5;
					};
				};
			};
			buildConfigurationList = 2CBBC7EC2665725E00C7E802 /* Build configuration list for PBXProject "Africa" */;
			compatibilityVersion = "Xcode 9.3";
			developmentRegion = en;
			hasScannedForEncodings = 0;
			knownRegions = (
				en,
				Base,
			);
			mainGroup = 2CBBC7E82665725E00C7E802;
			productRefGroup = 2CBBC7F62665725F00C7E802 /* Products */;
			projectDirPath = "";
			projectRoot = "";
			targets = (
				2CBBC7F42665725F00C7E802 /* Africa (iOS) */,
				2CBBC7FC2665725F00C7E802 /* Africa (macOS) */,
			);
		};
/* End PBXProject section */

/* Begin PBXResourcesBuildPhase section */
		2CBBC7F32665725F00C7E802 /* Resources */ = {
			isa = PBXResourcesBuildPhase;
			buildActionMask = 2147483647;
			files = (
				2CBBC81E266574C100C7E802 /* cheetah.mp4 in Resources */,
				2CBBC8332665750800C7E802 /* covers.json in Resources */,
				2CBBC82C266574C100C7E802 /* hippo.mp4 in Resources */,
				2CBBC8372665750800C7E802 /* videos.json in Resources */,
				2CBBC822266574C100C7E802 /* lion.mp4 in Resources */,
				2CBBC81C266574C100C7E802 /* rhino.mp4 in Resources */,
				2CBBC81A266574C100C7E802 /* ostrich.mp4 in Resources */,
				2CBBC8392665750800C7E802 /* locations.json in Resources */,
				2CBBC826266574C100C7E802 /* gorilla.mp4 in Resources */,
				2CBBC8352665750800C7E802 /* animals.json in Resources */,
				2CBBC8052665725F00C7E802 /* Assets.xcassets in Resources */,
				2CBBC824266574C100C7E802 /* zebra.mp4 in Resources */,
				2CBBC82A266574C100C7E802 /* lioness.mp4 in Resources */,
				2CBBC820266574C100C7E802 /* giraffe.mp4 in Resources */,
				2CBBC828266574C100C7E802 /* elephant.mp4 in Resources */,
			);
			runOnlyForDeploymentPostprocessing = 0;
		};
		2CBBC7FB2665725F00C7E802 /* Resources */ = {
			isa = PBXResourcesBuildPhase;
			buildActionMask = 2147483647;
			files = (
				2CBBC81F266574C100C7E802 /* cheetah.mp4 in Resources */,
				2CBBC8342665750800C7E802 /* covers.json in Resources */,
				2CBBC82D266574C100C7E802 /* hippo.mp4 in Resources */,
				2CBBC8382665750800C7E802 /* videos.json in Resources */,
				2CBBC823266574C100C7E802 /* lion.mp4 in Resources */,
				2CBBC81D266574C100C7E802 /* rhino.mp4 in Resources */,
				2CBBC81B266574C100C7E802 /* ostrich.mp4 in Resources */,
				2CBBC83A2665750800C7E802 /* locations.json in Resources */,
				2CBBC827266574C100C7E802 /* gorilla.mp4 in Resources */,
				2CBBC8362665750800C7E802 /* animals.json in Resources */,
				2CBBC8062665725F00C7E802 /* Assets.xcassets in Resources */,
				2CBBC825266574C100C7E802 /* zebra.mp4 in Resources */,
				2CBBC82B266574C100C7E802 /* lioness.mp4 in Resources */,
				2CBBC821266574C100C7E802 /* giraffe.mp4 in Resources */,
				2CBBC829266574C100C7E802 /* elephant.mp4 in Resources */,
			);
			runOnlyForDeploymentPostprocessing = 0;
		};
/* End PBXResourcesBuildPhase section */

/* Begin PBXSourcesBuildPhase section */
		2CBBC7F12665725F00C7E802 /* Sources */ = {
			isa = PBXSourcesBuildPhase;
			buildActionMask = 2147483647;
			files = (
				2C0DC082266854CF00F14DAA /* ExternalWeblinkView.swift in Sources */,
				2CBBC8032665725F00C7E802 /* ContentView.swift in Sources */,
				2CDBB82B2667F901004C7202 /* AnimalListItemView.swift in Sources */,
				2CBBC8462665773500C7E802 /* MainView.swift in Sources */,
				2C0DC07E2668443A00F14DAA /* InsetFactView.swift in Sources */,
				2C53B76226659D4300DD000D /* CoverImageView.swift in Sources */,
				2C53B76526659F5700DD000D /* CoverImageModel.swift in Sources */,
				2CDBB82F26680103004C7202 /* AnimalDetailView.swift in Sources */,
				2CDBB82D2667FAA2004C7202 /* AnimalModel.swift in Sources */,
				2CBBC8402665770B00C7E802 /* MapView.swift in Sources */,
				2C83C4E6266C40BD009AD63D /* VideoPlayerHelper.swift in Sources */,
				2C0DC0802668462A00F14DAA /* InsetMapView.swift in Sources */,
				2CBBC8012665725F00C7E802 /* AfricaApp.swift in Sources */,
				2C83C4EA266D23CB009AD63D /* MapAnnotationView.swift in Sources */,
				2CBBC83D266576F600C7E802 /* VideoListView.swift in Sources */,
				2CDD884C266C0A9400BB6A76 /* VideoModel.swift in Sources */,
				2CBBC8432665772000C7E802 /* GalleryView.swift in Sources */,
				2C83C4E8266C9E21009AD63D /* LocationModel.swift in Sources */,
				2CDBB83326680527004C7202 /* InsetGalleryView.swift in Sources */,
				2C83C4E1266C0D50009AD63D /* VideoListItemView.swift in Sources */,
				2C53B7682665A0F600DD000D /* CodableBundleExtension.swift in Sources */,
				2CDBB83126680400004C7202 /* HeadingView.swift in Sources */,
				2C83C4E3266C3FAE009AD63D /* VideoPlayerView.swift in Sources */,
			);
			runOnlyForDeploymentPostprocessing = 0;
		};
		2CBBC7F92665725F00C7E802 /* Sources */ = {
			isa = PBXSourcesBuildPhase;
			buildActionMask = 2147483647;
			files = (
				2CBBC8042665725F00C7E802 /* ContentView.swift in Sources */,
				2CBBC8472665773500C7E802 /* MainView.swift in Sources */,
				2CBBC8412665770B00C7E802 /* MapView.swift in Sources */,
				2CBBC8022665725F00C7E802 /* AfricaApp.swift in Sources */,
				2CBBC83E266576F600C7E802 /* VideoListView.swift in Sources */,
				2CBBC8442665772000C7E802 /* GalleryView.swift in Sources */,
			);
			runOnlyForDeploymentPostprocessing = 0;
		};
/* End PBXSourcesBuildPhase section */

/* Begin XCBuildConfiguration section */
		2CBBC8072665725F00C7E802 /* Debug */ = {
			isa = XCBuildConfiguration;
			buildSettings = {
				ALWAYS_SEARCH_USER_PATHS = NO;
				CLANG_ANALYZER_NONNULL = YES;
				CLANG_ANALYZER_NUMBER_OBJECT_CONVERSION = YES_AGGRESSIVE;
				CLANG_CXX_LANGUAGE_STANDARD = "gnu++14";
				CLANG_CXX_LIBRARY = "libc++";
				CLANG_ENABLE_MODULES = YES;
				CLANG_ENABLE_OBJC_ARC = YES;
				CLANG_ENABLE_OBJC_WEAK = YES;
				CLANG_WARN_BLOCK_CAPTURE_AUTORELEASING = YES;
				CLANG_WARN_BOOL_CONVERSION = YES;
				CLANG_WARN_COMMA = YES;
				CLANG_WARN_CONSTANT_CONVERSION = YES;
				CLANG_WARN_DEPRECATED_OBJC_IMPLEMENTATIONS = YES;
				CLANG_WARN_DIRECT_OBJC_ISA_USAGE = YES_ERROR;
				CLANG_WARN_DOCUMENTATION_COMMENTS = YES;
				CLANG_WARN_EMPTY_BODY = YES;
				CLANG_WARN_ENUM_CONVERSION = YES;
				CLANG_WARN_INFINITE_RECURSION = YES;
				CLANG_WARN_INT_CONVERSION = YES;
				CLANG_WARN_NON_LITERAL_NULL_CONVERSION = YES;
				CLANG_WARN_OBJC_IMPLICIT_RETAIN_SELF = YES;
				CLANG_WARN_OBJC_LITERAL_CONVERSION = YES;
				CLANG_WARN_OBJC_ROOT_CLASS = YES_ERROR;
				CLANG_WARN_QUOTED_INCLUDE_IN_FRAMEWORK_HEADER = YES;
				CLANG_WARN_RANGE_LOOP_ANALYSIS = YES;
				CLANG_WARN_STRICT_PROTOTYPES = YES;
				CLANG_WARN_SUSPICIOUS_MOVE = YES;
				CLANG_WARN_UNGUARDED_AVAILABILITY = YES_AGGRESSIVE;
				CLANG_WARN_UNREACHABLE_CODE = YES;
				CLANG_WARN__DUPLICATE_METHOD_MATCH = YES;
				COPY_PHASE_STRIP = NO;
				DEBUG_INFORMATION_FORMAT = dwarf;
				ENABLE_STRICT_OBJC_MSGSEND = YES;
				ENABLE_TESTABILITY = YES;
				GCC_C_LANGUAGE_STANDARD = gnu11;
				GCC_DYNAMIC_NO_PIC = NO;
				GCC_NO_COMMON_BLOCKS = YES;
				GCC_OPTIMIZATION_LEVEL = 0;
				GCC_PREPROCESSOR_DEFINITIONS = (
					"DEBUG=1",
					"$(inherited)",
				);
				GCC_WARN_64_TO_32_BIT_CONVERSION = YES;
				GCC_WARN_ABOUT_RETURN_TYPE = YES_ERROR;
				GCC_WARN_UNDECLARED_SELECTOR = YES;
				GCC_WARN_UNINITIALIZED_AUTOS = YES_AGGRESSIVE;
				GCC_WARN_UNUSED_FUNCTION = YES;
				GCC_WARN_UNUSED_VARIABLE = YES;
				MTL_ENABLE_DEBUG_INFO = INCLUDE_SOURCE;
				MTL_FAST_MATH = YES;
				ONLY_ACTIVE_ARCH = YES;
				SWIFT_ACTIVE_COMPILATION_CONDITIONS = DEBUG;
				SWIFT_OPTIMIZATION_LEVEL = "-Onone";
			};
			name = Debug;
		};
		2CBBC8082665725F00C7E802 /* Release */ = {
			isa = XCBuildConfiguration;
			buildSettings = {
				ALWAYS_SEARCH_USER_PATHS = NO;
				CLANG_ANALYZER_NONNULL = YES;
				CLANG_ANALYZER_NUMBER_OBJECT_CONVERSION = YES_AGGRESSIVE;
				CLANG_CXX_LANGUAGE_STANDARD = "gnu++14";
				CLANG_CXX_LIBRARY = "libc++";
				CLANG_ENABLE_MODULES = YES;
				CLANG_ENABLE_OBJC_ARC = YES;
				CLANG_ENABLE_OBJC_WEAK = YES;
				CLANG_WARN_BLOCK_CAPTURE_AUTORELEASING = YES;
				CLANG_WARN_BOOL_CONVERSION = YES;
				CLANG_WARN_COMMA = YES;
				CLANG_WARN_CONSTANT_CONVERSION = YES;
				CLANG_WARN_DEPRECATED_OBJC_IMPLEMENTATIONS = YES;
				CLANG_WARN_DIRECT_OBJC_ISA_USAGE = YES_ERROR;
				CLANG_WARN_DOCUMENTATION_COMMENTS = YES;
				CLANG_WARN_EMPTY_BODY = YES;
				CLANG_WARN_ENUM_CONVERSION = YES;
				CLANG_WARN_INFINITE_RECURSION = YES;
				CLANG_WARN_INT_CONVERSION = YES;
				CLANG_WARN_NON_LITERAL_NULL_CONVERSION = YES;
				CLANG_WARN_OBJC_IMPLICIT_RETAIN_SELF = YES;
				CLANG_WARN_OBJC_LITERAL_CONVERSION = YES;
				CLANG_WARN_OBJC_ROOT_CLASS = YES_ERROR;
				CLANG_WARN_QUOTED_INCLUDE_IN_FRAMEWORK_HEADER = YES;
				CLANG_WARN_RANGE_LOOP_ANALYSIS = YES;
				CLANG_WARN_STRICT_PROTOTYPES = YES;
				CLANG_WARN_SUSPICIOUS_MOVE = YES;
				CLANG_WARN_UNGUARDED_AVAILABILITY = YES_AGGRESSIVE;
				CLANG_WARN_UNREACHABLE_CODE = YES;
				CLANG_WARN__DUPLICATE_METHOD_MATCH = YES;
				COPY_PHASE_STRIP = NO;
				DEBUG_INFORMATION_FORMAT = "dwarf-with-dsym";
				ENABLE_NS_ASSERTIONS = NO;
				ENABLE_STRICT_OBJC_MSGSEND = YES;
				GCC_C_LANGUAGE_STANDARD = gnu11;
				GCC_NO_COMMON_BLOCKS = YES;
				GCC_WARN_64_TO_32_BIT_CONVERSION = YES;
				GCC_WARN_ABOUT_RETURN_TYPE = YES_ERROR;
				GCC_WARN_UNDECLARED_SELECTOR = YES;
				GCC_WARN_UNINITIALIZED_AUTOS = YES_AGGRESSIVE;
				GCC_WARN_UNUSED_FUNCTION = YES;
				GCC_WARN_UNUSED_VARIABLE = YES;
				MTL_ENABLE_DEBUG_INFO = NO;
				MTL_FAST_MATH = YES;
				SWIFT_COMPILATION_MODE = wholemodule;
				SWIFT_OPTIMIZATION_LEVEL = "-O";
			};
			name = Release;
		};
		2CBBC80A2665725F00C7E802 /* Debug */ = {
			isa = XCBuildConfiguration;
			buildSettings = {
				ASSETCATALOG_COMPILER_APPICON_NAME = AppIcon;
				ASSETCATALOG_COMPILER_GLOBAL_ACCENT_COLOR_NAME = AccentColor;
				CODE_SIGN_STYLE = Automatic;
				DEVELOPMENT_TEAM = VA8GM4F7TR;
				ENABLE_PREVIEWS = YES;
				INFOPLIST_FILE = iOS/Info.plist;
				IPHONEOS_DEPLOYMENT_TARGET = 14.0;
				LD_RUNPATH_SEARCH_PATHS = (
					"$(inherited)",
					"@executable_path/Frameworks",
				);
				PRODUCT_BUNDLE_IDENTIFIER = com.brandolugo.Africa;
				PRODUCT_NAME = Africa;
				SDKROOT = iphoneos;
				SWIFT_VERSION = 5.0;
				TARGETED_DEVICE_FAMILY = "1,2";
			};
			name = Debug;
		};
		2CBBC80B2665725F00C7E802 /* Release */ = {
			isa = XCBuildConfiguration;
			buildSettings = {
				ASSETCATALOG_COMPILER_APPICON_NAME = AppIcon;
				ASSETCATALOG_COMPILER_GLOBAL_ACCENT_COLOR_NAME = AccentColor;
				CODE_SIGN_STYLE = Automatic;
				DEVELOPMENT_TEAM = VA8GM4F7TR;
				ENABLE_PREVIEWS = YES;
				INFOPLIST_FILE = iOS/Info.plist;
				IPHONEOS_DEPLOYMENT_TARGET = 14.0;
				LD_RUNPATH_SEARCH_PATHS = (
					"$(inherited)",
					"@executable_path/Frameworks",
				);
				PRODUCT_BUNDLE_IDENTIFIER = com.brandolugo.Africa;
				PRODUCT_NAME = Africa;
				SDKROOT = iphoneos;
				SWIFT_VERSION = 5.0;
				TARGETED_DEVICE_FAMILY = "1,2";
				VALIDATE_PRODUCT = YES;
			};
			name = Release;
		};
		2CBBC80D2665725F00C7E802 /* Debug */ = {
			isa = XCBuildConfiguration;
			buildSettings = {
				ASSETCATALOG_COMPILER_APPICON_NAME = AppIcon;
				ASSETCATALOG_COMPILER_GLOBAL_ACCENT_COLOR_NAME = AccentColor;
				CODE_SIGN_ENTITLEMENTS = macOS/macOS.entitlements;
				CODE_SIGN_STYLE = Automatic;
				COMBINE_HIDPI_IMAGES = YES;
				DEVELOPMENT_TEAM = VA8GM4F7TR;
				ENABLE_HARDENED_RUNTIME = YES;
				ENABLE_PREVIEWS = YES;
				INFOPLIST_FILE = macOS/Info.plist;
				LD_RUNPATH_SEARCH_PATHS = (
					"$(inherited)",
					"@executable_path/../Frameworks",
				);
				MACOSX_DEPLOYMENT_TARGET = 11.0;
				PRODUCT_BUNDLE_IDENTIFIER = com.brandolugo.Africa;
				PRODUCT_NAME = Africa;
				SDKROOT = macosx;
				SWIFT_VERSION = 5.0;
			};
			name = Debug;
		};
		2CBBC80E2665725F00C7E802 /* Release */ = {
			isa = XCBuildConfiguration;
			buildSettings = {
				ASSETCATALOG_COMPILER_APPICON_NAME = AppIcon;
				ASSETCATALOG_COMPILER_GLOBAL_ACCENT_COLOR_NAME = AccentColor;
				CODE_SIGN_ENTITLEMENTS = macOS/macOS.entitlements;
				CODE_SIGN_STYLE = Automatic;
				COMBINE_HIDPI_IMAGES = YES;
				DEVELOPMENT_TEAM = VA8GM4F7TR;
				ENABLE_HARDENED_RUNTIME = YES;
				ENABLE_PREVIEWS = YES;
				INFOPLIST_FILE = macOS/Info.plist;
				LD_RUNPATH_SEARCH_PATHS = (
					"$(inherited)",
					"@executable_path/../Frameworks",
				);
				MACOSX_DEPLOYMENT_TARGET = 11.0;
				PRODUCT_BUNDLE_IDENTIFIER = com.brandolugo.Africa;
				PRODUCT_NAME = Africa;
				SDKROOT = macosx;
				SWIFT_VERSION = 5.0;
			};
			name = Release;
		};
/* End XCBuildConfiguration section */

/* Begin XCConfigurationList section */
		2CBBC7EC2665725E00C7E802 /* Build configuration list for PBXProject "Africa" */ = {
			isa = XCConfigurationList;
			buildConfigurations = (
				2CBBC8072665725F00C7E802 /* Debug */,
				2CBBC8082665725F00C7E802 /* Release */,
			);
			defaultConfigurationIsVisible = 0;
			defaultConfigurationName = Release;
		};
		2CBBC8092665725F00C7E802 /* Build configuration list for PBXNativeTarget "Africa (iOS)" */ = {
			isa = XCConfigurationList;
			buildConfigurations = (
				2CBBC80A2665725F00C7E802 /* Debug */,
				2CBBC80B2665725F00C7E802 /* Release */,
			);
			defaultConfigurationIsVisible = 0;
			defaultConfigurationName = Release;
		};
		2CBBC80C2665725F00C7E802 /* Build configuration list for PBXNativeTarget "Africa (macOS)" */ = {
			isa = XCConfigurationList;
			buildConfigurations = (
				2CBBC80D2665725F00C7E802 /* Debug */,
				2CBBC80E2665725F00C7E802 /* Release */,
			);
			defaultConfigurationIsVisible = 0;
			defaultConfigurationName = Release;
		};
/* End XCConfigurationList section */
	};
	rootObject = 2CBBC7E92665725E00C7E802 /* Project object */;
}
